
Microsoft Visual Studio Solution File, Format Version 12.00
# Visual Studio Version 17
VisualStudioVersion = 17.11.35327.3
MinimumVisualStudioVersion = 10.0.40219.1
Project("{FAE04EC0-301F-11D3-BF4B-00C04F79EFBC}") = "6.CondicionalMultipleTerciario", "6.CondicionalMultipleTerciario.csproj", "{661B4B24-1D05-4452-A700-483B680A859C}"
EndProject
Global
	GlobalSection(SolutionConfigurationPlatforms) = preSolution
		Debug|Any CPU = Debug|Any CPU
		Release|Any CPU = Release|Any CPU
	EndGlobalSection
	GlobalSection(ProjectConfigurationPlatforms) = postSolution
		{661B4B24-1D05-4452-A700-483B680A859C}.Debug|Any CPU.ActiveCfg = Debug|Any CPU
		{661B4B24-1D05-4452-A700-483B680A859C}.Debug|Any CPU.Build.0 = Debug|Any CPU
		{661B4B24-1D05-4452-A700-483B680A859C}.Release|Any CPU.ActiveCfg = Release|Any CPU
		{661B4B24-1D05-4452-A700-483B680A859C}.Release|Any CPU.Build.0 = Release|Any CPU
	EndGlobalSection
	GlobalSection(SolutionProperties) = preSolution
		HideSolutionNode = FALSE
	EndGlobalSection
	GlobalSection(ExtensibilityGlobals) = postSolution
		SolutionGuid = {82D822E4-4AB1-4A96-A5D3-219F6683E75A}
	EndGlobalSection
EndGlobal
